
Microsoft Visual Studio Solution File, Format Version 12.00
# Visual Studio Version 16
VisualStudioVersion = 16.0.29519.181
MinimumVisualStudioVersion = 10.0.40219.1
Project("{FAE04EC0-301F-11D3-BF4B-00C04F79EFBC}") = "ProjeYonetim", "ProjeYonetim\ProjeYonetim.csproj", "{107F91E2-5021-4B21-A4FD-D027AB50BE59}"
EndProject
Global
	GlobalSection(SolutionConfigurationPlatforms) = preSolution
		Debug|Any CPU = Debug|Any CPU
		Release|Any CPU = Release|Any CPU
	EndGlobalSection
	GlobalSection(ProjectConfigurationPlatforms) = postSolution
		{107F91E2-5021-4B21-A4FD-D027AB50BE59}.Debug|Any CPU.ActiveCfg = Debug|Any CPU
		{107F91E2-5021-4B21-A4FD-D027AB50BE59}.Debug|Any CPU.Build.0 = Debug|Any CPU
		{107F91E2-5021-4B21-A4FD-D027AB50BE59}.Release|Any CPU.ActiveCfg = Release|Any CPU
		{107F91E2-5021-4B21-A4FD-D027AB50BE59}.Release|Any CPU.Build.0 = Release|Any CPU
	EndGlobalSection
	GlobalSection(SolutionProperties) = preSolution
		HideSolutionNode = FALSE
	EndGlobalSection
	GlobalSection(ExtensibilityGlobals) = postSolution
		SolutionGuid = {4DD2F975-BC13-42A2-9A8D-2809BBA3F1E0}
	EndGlobalSection
EndGlobal
